
Microsoft Visual Studio Solution File, Format Version 12.00
# Visual Studio Version 17
VisualStudioVersion = 17.6.33815.320
MinimumVisualStudioVersion = 10.0.40219.1
Project("{9A19103F-16F7-4668-BE54-9A1E7A4F7556}") = "APIWizard", "APIWizard\APIWizard.csproj", "{34DE02A8-B281-4BB1-B897-57DE4435D402}"
EndProject
Project("{FAE04EC0-301F-11D3-BF4B-00C04F79EFBC}") = "APIWizard.Sample.Common", "APIWizard.Sample.Common\APIWizard.Sample.Common.csproj", "{0426F951-689D-4F0C-95ED-A4F0F73490B3}"
EndProject
Project("{FAE04EC0-301F-11D3-BF4B-00C04F79EFBC}") = "APIWizard.Sample.Console", "APIWizard.Sample.Console\APIWizard.Sample.Console.csproj", "{D8182138-5AA1-492D-9F42-BDB9DD56667E}"
EndProject
Project("{FAE04EC0-301F-11D3-BF4B-00C04F79EFBC}") = "APIWizard.Sample.ASPNETCore", "APIWizard.Sample.ASPNETCore\APIWizard.Sample.ASPNETCore.csproj", "{459DBA6C-D04B-4746-BB05-C061E596C146}"
EndProject
Global
	GlobalSection(SolutionConfigurationPlatforms) = preSolution
		Debug|Any CPU = Debug|Any CPU
		Release|Any CPU = Release|Any CPU
	EndGlobalSection
	GlobalSection(ProjectConfigurationPlatforms) = postSolution
		{34DE02A8-B281-4BB1-B897-57DE4435D402}.Debug|Any CPU.ActiveCfg = Debug|Any CPU
		{34DE02A8-B281-4BB1-B897-57DE4435D402}.Debug|Any CPU.Build.0 = Debug|Any CPU
		{34DE02A8-B281-4BB1-B897-57DE4435D402}.Release|Any CPU.ActiveCfg = Release|Any CPU
		{34DE02A8-B281-4BB1-B897-57DE4435D402}.Release|Any CPU.Build.0 = Release|Any CPU
		{0426F951-689D-4F0C-95ED-A4F0F73490B3}.Debug|Any CPU.ActiveCfg = Debug|Any CPU
		{0426F951-689D-4F0C-95ED-A4F0F73490B3}.Debug|Any CPU.Build.0 = Debug|Any CPU
		{0426F951-689D-4F0C-95ED-A4F0F73490B3}.Release|Any CPU.ActiveCfg = Release|Any CPU
		{0426F951-689D-4F0C-95ED-A4F0F73490B3}.Release|Any CPU.Build.0 = Release|Any CPU
		{D8182138-5AA1-492D-9F42-BDB9DD56667E}.Debug|Any CPU.ActiveCfg = Debug|Any CPU
		{D8182138-5AA1-492D-9F42-BDB9DD56667E}.Debug|Any CPU.Build.0 = Debug|Any CPU
		{D8182138-5AA1-492D-9F42-BDB9DD56667E}.Release|Any CPU.ActiveCfg = Release|Any CPU
		{D8182138-5AA1-492D-9F42-BDB9DD56667E}.Release|Any CPU.Build.0 = Release|Any CPU
		{459DBA6C-D04B-4746-BB05-C061E596C146}.Debug|Any CPU.ActiveCfg = Debug|Any CPU
		{459DBA6C-D04B-4746-BB05-C061E596C146}.Debug|Any CPU.Build.0 = Debug|Any CPU
		{459DBA6C-D04B-4746-BB05-C061E596C146}.Release|Any CPU.ActiveCfg = Release|Any CPU
		{459DBA6C-D04B-4746-BB05-C061E596C146}.Release|Any CPU.Build.0 = Release|Any CPU
	EndGlobalSection
	GlobalSection(SolutionProperties) = preSolution
		HideSolutionNode = FALSE
	EndGlobalSection
	GlobalSection(ExtensibilityGlobals) = postSolution
		SolutionGuid = {E0E9A354-D449-450B-BCA5-10BFB8CDA3C8}
	EndGlobalSection
EndGlobal
